
Microsoft Visual Studio Solution File, Format Version 12.00
# Visual Studio 15
VisualStudioVersion = 15.0.27004.2008
MinimumVisualStudioVersion = 10.0.40219.1
Project("{FAE04EC0-301F-11D3-BF4B-00C04F79EFBC}") = "HelloXaya", "HelloXaya\HelloXaya.csproj", "{40D17DAD-15EC-4234-A5EB-2D8BE0136E58}"
EndProject
Project("{FAE04EC0-301F-11D3-BF4B-00C04F79EFBC}") = "BitcoinLib", "BitcoinLib\BitcoinLib\BitcoinLib.csproj", "{FB99EBBF-8BBE-4E89-BDFA-5BBDBE08A8F3}"
EndProject
Project("{FAE04EC0-301F-11D3-BF4B-00C04F79EFBC}") = "XAYAWrapper", "XAYAWrapper\XAYAWrapper\XAYAWrapper.csproj", "{DC524F9E-444A-4A16-8BE9-CDCFCD5AAC67}"
EndProject
Global
	GlobalSection(SolutionConfigurationPlatforms) = preSolution
		Debug|Any CPU = Debug|Any CPU
		Release|Any CPU = Release|Any CPU
	EndGlobalSection
	GlobalSection(ProjectConfigurationPlatforms) = postSolution
		{40D17DAD-15EC-4234-A5EB-2D8BE0136E58}.Debug|Any CPU.ActiveCfg = Debug|Any CPU
		{40D17DAD-15EC-4234-A5EB-2D8BE0136E58}.Debug|Any CPU.Build.0 = Debug|Any CPU
		{40D17DAD-15EC-4234-A5EB-2D8BE0136E58}.Release|Any CPU.ActiveCfg = Release|Any CPU
		{40D17DAD-15EC-4234-A5EB-2D8BE0136E58}.Release|Any CPU.Build.0 = Release|Any CPU
		{FB99EBBF-8BBE-4E89-BDFA-5BBDBE08A8F3}.Debug|Any CPU.ActiveCfg = Debug|Any CPU
		{FB99EBBF-8BBE-4E89-BDFA-5BBDBE08A8F3}.Debug|Any CPU.Build.0 = Debug|Any CPU
		{FB99EBBF-8BBE-4E89-BDFA-5BBDBE08A8F3}.Release|Any CPU.ActiveCfg = Release|Any CPU
		{FB99EBBF-8BBE-4E89-BDFA-5BBDBE08A8F3}.Release|Any CPU.Build.0 = Release|Any CPU
		{DC524F9E-444A-4A16-8BE9-CDCFCD5AAC67}.Debug|Any CPU.ActiveCfg = Debug|Any CPU
		{DC524F9E-444A-4A16-8BE9-CDCFCD5AAC67}.Debug|Any CPU.Build.0 = Debug|Any CPU
		{DC524F9E-444A-4A16-8BE9-CDCFCD5AAC67}.Release|Any CPU.ActiveCfg = Release|Any CPU
		{DC524F9E-444A-4A16-8BE9-CDCFCD5AAC67}.Release|Any CPU.Build.0 = Release|Any CPU
	EndGlobalSection
	GlobalSection(SolutionProperties) = preSolution
		HideSolutionNode = FALSE
	EndGlobalSection
	GlobalSection(ExtensibilityGlobals) = postSolution
		SolutionGuid = {B44B3494-23CB-4B4A-9567-47F2F30BF9E5}
	EndGlobalSection
EndGlobal
